
Microsoft Visual Studio Solution File, Format Version 12.00
# Visual Studio 2012
Project("{FAE04EC0-301F-11D3-BF4B-00C04F79EFBC}") = "T9App2", "T9App2\T9App2.csproj", "{9ccb9d9b-b1a2-4dd3-a976-e92934f4b9f6}"
EndProject
Global
	GlobalSection(SolutionConfigurationPlatforms) = preSolution
		Debug|Any CPU = Debug|Any CPU
		Release|Any CPU = Release|Any CPU
	EndGlobalSection
	GlobalSection(ProjectConfigurationPlatforms) = postSolution
		{9CCB9D9B-B1A2-4DD3-A976-E92934F4B9F6}.Debug|Any CPU.ActiveCfg = Debug|Any CPU
		{9CCB9D9B-B1A2-4DD3-A976-E92934F4B9F6}.Debug|Any CPU.Build.0 = Debug|Any CPU
		{9CCB9D9B-B1A2-4DD3-A976-E92934F4B9F6}.Release|Any CPU.ActiveCfg = Release|Any CPU
		{9CCB9D9B-B1A2-4DD3-A976-E92934F4B9F6}.Release|Any CPU.Build.0 = Release|Any CPU
	EndGlobalSection
EndGlobal
